
Microsoft Visual Studio Solution File, Format Version 12.00
# Visual Studio Version 17
VisualStudioVersion = 17.14.36414.22 d17.14
MinimumVisualStudioVersion = 10.0.40219.1
Project("{FAE04EC0-301F-11D3-BF4B-00C04F79EFBC}") = "Com.Dal", "Com.Dal\Com.Dal.csproj", "{D82FDC6C-CDA9-484A-BD7A-174255AC8883}"
EndProject
Project("{FAE04EC0-301F-11D3-BF4B-00C04F79EFBC}") = "API_FastEndpoints", "API_FastEndpoints\API_FastEndpoints.csproj", "{9A331839-C9C8-4888-B3B4-1B752879EDB4}"
EndProject
Global
	GlobalSection(SolutionConfigurationPlatforms) = preSolution
		Debug|Any CPU = Debug|Any CPU
		Release|Any CPU = Release|Any CPU
	EndGlobalSection
	GlobalSection(ProjectConfigurationPlatforms) = postSolution
		{D82FDC6C-CDA9-484A-BD7A-174255AC8883}.Debug|Any CPU.ActiveCfg = Debug|Any CPU
		{D82FDC6C-CDA9-484A-BD7A-174255AC8883}.Debug|Any CPU.Build.0 = Debug|Any CPU
		{D82FDC6C-CDA9-484A-BD7A-174255AC8883}.Release|Any CPU.ActiveCfg = Release|Any CPU
		{D82FDC6C-CDA9-484A-BD7A-174255AC8883}.Release|Any CPU.Build.0 = Release|Any CPU
		{9A331839-C9C8-4888-B3B4-1B752879EDB4}.Debug|Any CPU.ActiveCfg = Debug|Any CPU
		{9A331839-C9C8-4888-B3B4-1B752879EDB4}.Debug|Any CPU.Build.0 = Debug|Any CPU
		{9A331839-C9C8-4888-B3B4-1B752879EDB4}.Release|Any CPU.ActiveCfg = Release|Any CPU
		{9A331839-C9C8-4888-B3B4-1B752879EDB4}.Release|Any CPU.Build.0 = Release|Any CPU
	EndGlobalSection
	GlobalSection(SolutionProperties) = preSolution
		HideSolutionNode = FALSE
	EndGlobalSection
	GlobalSection(ExtensibilityGlobals) = postSolution
		SolutionGuid = {513A5AA7-58FD-4CFB-92AB-7BFF99C82230}
	EndGlobalSection
EndGlobal
